{
  "name": "test",
  "version": "1.0.0",
  "lockfileVersion": 3,
  "requires": true,
  "packages": {
    "": {
      "name": "test",
      "version": "1.0.0",
      "license": "ISC",
      "dependencies": {
        "loggeruser": "^1.0.15"
      }
    },
    "node_modules/loggeruser": {
      "version": "1.0.15",
      "resolved": "https://registry.npmjs.org/loggeruser/-/loggeruser-1.0.15.tgz",
      "integrity": "sha512-p8MYlDLvsg0i7osZTXK2BLyoD21+SUrxXKr4tsJa4TnFiWzqu276i0FlEzqVUaYzfXifmyqgrBf2YisNDI+ENg=="
    }
  }
}
