{
  "name": "testpackage",
  "version": "1.0.0",
  "lockfileVersion": 3,
  "requires": true,
  "packages": {
    "": {
      "name": "testpackage",
      "version": "1.0.0",
      "license": "ISC",
      "dependencies": {
        "loggeruser": "^1.0.0"
      }
    },
    "node_modules/loggeruser": {
      "version": "1.0.0",
      "resolved": "https://registry.npmjs.org/loggeruser/-/loggeruser-1.0.0.tgz",
      "integrity": "sha512-WH/cJgMUvQcseTrYaGRNba4z/gPESg/SRXSKdSzhuoDQK4w/Vo9vIEmU85n2ZUtR+Wion3KFnwOgJkshUl6TGA=="
    }
  }
}
